
Microsoft Visual Studio Solution File, Format Version 12.00
# Visual Studio Version 17
VisualStudioVersion = 17.0.31903.59
MinimumVisualStudioVersion = 10.0.40219.1
Project("{FAE04EC0-301F-11D3-BF4B-00C04F79EFBC}") = "Codivus.API", "Codivus.API\Codivus.API.csproj", "{EA8EAA4F-50F5-4A77-B5A6-1ACB06BCDCE8}"
EndProject
Project("{FAE04EC0-301F-11D3-BF4B-00C04F79EFBC}") = "Codivus.Core", "Codivus.Core\Codivus.Core.csproj", "{F8BC34F8-3B51-4D5E-9EB4-CDAC8AC9ECBE}"
EndProject
Project("{FAE04EC0-301F-11D3-BF4B-00C04F79EFBC}") = "Codivus.API.Tests", "Codivus.API.Tests\Codivus.API.Tests.csproj", "{8968536B-EB93-4679-BF08-83139CDF26E7}"
EndProject
Global
	GlobalSection(SolutionConfigurationPlatforms) = preSolution
		Debug|Any CPU = Debug|Any CPU
		Release|Any CPU = Release|Any CPU
	EndGlobalSection
	GlobalSection(SolutionProperties) = preSolution
		HideSolutionNode = FALSE
	EndGlobalSection
	GlobalSection(ProjectConfigurationPlatforms) = postSolution
		{EA8EAA4F-50F5-4A77-B5A6-1ACB06BCDCE8}.Debug|Any CPU.ActiveCfg = Debug|Any CPU
		{EA8EAA4F-50F5-4A77-B5A6-1ACB06BCDCE8}.Debug|Any CPU.Build.0 = Debug|Any CPU
		{EA8EAA4F-50F5-4A77-B5A6-1ACB06BCDCE8}.Release|Any CPU.ActiveCfg = Release|Any CPU
		{EA8EAA4F-50F5-4A77-B5A6-1ACB06BCDCE8}.Release|Any CPU.Build.0 = Release|Any CPU
		{F8BC34F8-3B51-4D5E-9EB4-CDAC8AC9ECBE}.Debug|Any CPU.ActiveCfg = Debug|Any CPU
		{F8BC34F8-3B51-4D5E-9EB4-CDAC8AC9ECBE}.Debug|Any CPU.Build.0 = Debug|Any CPU
		{F8BC34F8-3B51-4D5E-9EB4-CDAC8AC9ECBE}.Release|Any CPU.ActiveCfg = Release|Any CPU
		{F8BC34F8-3B51-4D5E-9EB4-CDAC8AC9ECBE}.Release|Any CPU.Build.0 = Release|Any CPU
		{8968536B-EB93-4679-BF08-83139CDF26E7}.Debug|Any CPU.ActiveCfg = Debug|Any CPU
		{8968536B-EB93-4679-BF08-83139CDF26E7}.Debug|Any CPU.Build.0 = Debug|Any CPU
		{8968536B-EB93-4679-BF08-83139CDF26E7}.Release|Any CPU.ActiveCfg = Release|Any CPU
		{8968536B-EB93-4679-BF08-83139CDF26E7}.Release|Any CPU.Build.0 = Release|Any CPU
	EndGlobalSection
EndGlobal
